<?xml version="1.0" encoding="utf-8"?>
<Project ToolsVersion="4.0" xmlns="http://schemas.microsoft.com/developer/msbuild/2003">
  <ItemGroup>
    <Filter Include="Source Files">
      <UniqueIdentifier>{4FC737F1-C7A5-4376-A066-2A32D752A2FF}</UniqueIdentifier>
      <Extensions>cpp;c;cc;cxx;c++;cppm;ixx;def;odl;idl;hpj;bat;asm;asmx</Extensions>
    </Filter>
    <Filter Include="Header Files">
      <UniqueIdentifier>{93995380-89BD-4b04-88EB-625FBE52EBFB}</UniqueIdentifier>
      <Extensions>h;hh;hpp;hxx;h++;hm;inl;inc;ipp;xsd</Extensions>
    </Filter>
    <Filter Include="Resource Files">
      <UniqueIdentifier>{67DA6AB6-F800-4c08-8B7A-83BB121AAD01}</UniqueIdentifier>
      <Extensions>rc;ico;cur;bmp;dlg;rc2;rct;bin;rgs;gif;jpg;jpeg;jpe;resx;tiff;tif;png;wav;mfcribbon-ms</Extensions>
    </Filter>
    <Filter Include="Python">
      <UniqueIdentifier>{3835c5ea-165a-4392-bafc-a1f0a0a4f00b}</UniqueIdentifier>
    </Filter>
    <Filter Include="Game">
      <UniqueIdentifier>{52358085-fdcb-443a-b3f1-1af3aed879fd}</UniqueIdentifier>
    </Filter>
  </ItemGroup>
  <ItemGroup>
    <ClInclude Include="framework.h">
      <Filter>Header Files</Filter>
    </ClInclude>
    <ClInclude Include="pch.h">
      <Filter>Header Files</Filter>
    </ClInclude>
    <ClInclude Include="vendor\py38\include\abstract.h">
      <Filter>Header Files</Filter>
    </ClInclude>
    <ClInclude Include="vendor\py38\include\asdl.h">
      <Filter>Header Files</Filter>
    </ClInclude>
    <ClInclude Include="vendor\py38\include\ast.h">
      <Filter>Header Files</Filter>
    </ClInclude>
    <ClInclude Include="vendor\py38\include\bitset.h">
      <Filter>Header Files</Filter>
    </ClInclude>
    <ClInclude Include="vendor\py38\include\bltinmodule.h">
      <Filter>Header Files</Filter>
    </ClInclude>
    <ClInclude Include="vendor\py38\include\boolobject.h">
      <Filter>Header Files</Filter>
    </ClInclude>
    <ClInclude Include="vendor\py38\include\bytearrayobject.h">
      <Filter>Header Files</Filter>
    </ClInclude>
    <ClInclude Include="vendor\py38\include\bytesobject.h">
      <Filter>Header Files</Filter>
    </ClInclude>
    <ClInclude Include="vendor\py38\include\bytes_methods.h">
      <Filter>Header Files</Filter>
    </ClInclude>
    <ClInclude Include="vendor\py38\include\cellobject.h">
      <Filter>Header Files</Filter>
    </ClInclude>
    <ClInclude Include="vendor\py38\include\ceval.h">
      <Filter>Header Files</Filter>
    </ClInclude>
    <ClInclude Include="vendor\py38\include\classobject.h">
      <Filter>Header Files</Filter>
    </ClInclude>
    <ClInclude Include="vendor\py38\include\code.h">
      <Filter>Header Files</Filter>
    </ClInclude>
    <ClInclude Include="vendor\py38\include\codecs.h">
      <Filter>Header Files</Filter>
    </ClInclude>
    <ClInclude Include="vendor\py38\include\compile.h">
      <Filter>Header Files</Filter>
    </ClInclude>
    <ClInclude Include="vendor\py38\include\complexobject.h">
      <Filter>Header Files</Filter>
    </ClInclude>
    <ClInclude Include="vendor\py38\include\context.h">
      <Filter>Header Files</Filter>
    </ClInclude>
    <ClInclude Include="vendor\py38\include\cpython\abstract.h">
      <Filter>Header Files</Filter>
    </ClInclude>
    <ClInclude Include="vendor\py38\include\cpython\dictobject.h">
      <Filter>Header Files</Filter>
    </ClInclude>
    <ClInclude Include="vendor\py38\include\cpython\fileobject.h">
      <Filter>Header Files</Filter>
    </ClInclude>
    <ClInclude Include="vendor\py38\include\cpython\initconfig.h">
      <Filter>Header Files</Filter>
    </ClInclude>
    <ClInclude Include="vendor\py38\include\cpython\interpreteridobject.h">
      <Filter>Header Files</Filter>
    </ClInclude>
    <ClInclude Include="vendor\py38\include\cpython\object.h">
      <Filter>Header Files</Filter>
    </ClInclude>
    <ClInclude Include="vendor\py38\include\cpython\objimpl.h">
      <Filter>Header Files</Filter>
    </ClInclude>
    <ClInclude Include="vendor\py38\include\cpython\pyerrors.h">
      <Filter>Header Files</Filter>
    </ClInclude>
    <ClInclude Include="vendor\py38\include\cpython\pylifecycle.h">
      <Filter>Header Files</Filter>
    </ClInclude>
    <ClInclude Include="vendor\py38\include\cpython\pymem.h">
      <Filter>Header Files</Filter>
    </ClInclude>
    <ClInclude Include="vendor\py38\include\cpython\pystate.h">
      <Filter>Header Files</Filter>
    </ClInclude>
    <ClInclude Include="vendor\py38\include\cpython\sysmodule.h">
      <Filter>Header Files</Filter>
    </ClInclude>
    <ClInclude Include="vendor\py38\include\cpython\traceback.h">
      <Filter>Header Files</Filter>
    </ClInclude>
    <ClInclude Include="vendor\py38\include\cpython\tupleobject.h">
      <Filter>Header Files</Filter>
    </ClInclude>
    <ClInclude Include="vendor\py38\include\cpython\unicodeobject.h">
      <Filter>Header Files</Filter>
    </ClInclude>
    <ClInclude Include="vendor\py38\include\datetime.h">
      <Filter>Header Files</Filter>
    </ClInclude>
    <ClInclude Include="vendor\py38\include\descrobject.h">
      <Filter>Header Files</Filter>
    </ClInclude>
    <ClInclude Include="vendor\py38\include\dictobject.h">
      <Filter>Header Files</Filter>
    </ClInclude>
    <ClInclude Include="vendor\py38\include\dtoa.h">
      <Filter>Header Files</Filter>
    </ClInclude>
    <ClInclude Include="vendor\py38\include\dynamic_annotations.h">
      <Filter>Header Files</Filter>
    </ClInclude>
    <ClInclude Include="vendor\py38\include\enumobject.h">
      <Filter>Header Files</Filter>
    </ClInclude>
    <ClInclude Include="vendor\py38\include\errcode.h">
      <Filter>Header Files</Filter>
    </ClInclude>
    <ClInclude Include="vendor\py38\include\eval.h">
      <Filter>Header Files</Filter>
    </ClInclude>
    <ClInclude Include="vendor\py38\include\fileobject.h">
      <Filter>Header Files</Filter>
    </ClInclude>
    <ClInclude Include="vendor\py38\include\fileutils.h">
      <Filter>Header Files</Filter>
    </ClInclude>
    <ClInclude Include="vendor\py38\include\floatobject.h">
      <Filter>Header Files</Filter>
    </ClInclude>
    <ClInclude Include="vendor\py38\include\frameobject.h">
      <Filter>Header Files</Filter>
    </ClInclude>
    <ClInclude Include="vendor\py38\include\funcobject.h">
      <Filter>Header Files</Filter>
    </ClInclude>
    <ClInclude Include="vendor\py38\include\genobject.h">
      <Filter>Header Files</Filter>
    </ClInclude>
    <ClInclude Include="vendor\py38\include\graminit.h">
      <Filter>Header Files</Filter>
    </ClInclude>
    <ClInclude Include="vendor\py38\include\grammar.h">
      <Filter>Header Files</Filter>
    </ClInclude>
    <ClInclude Include="vendor\py38\include\import.h">
      <Filter>Header Files</Filter>
    </ClInclude>
    <ClInclude Include="vendor\py38\include\internal\pycore_accu.h">
      <Filter>Header Files</Filter>
    </ClInclude>
    <ClInclude Include="vendor\py38\include\internal\pycore_atomic.h">
      <Filter>Header Files</Filter>
    </ClInclude>
    <ClInclude Include="vendor\py38\include\internal\pycore_ceval.h">
      <Filter>Header Files</Filter>
    </ClInclude>
    <ClInclude Include="vendor\py38\include\internal\pycore_code.h">
      <Filter>Header Files</Filter>
    </ClInclude>
    <ClInclude Include="vendor\py38\include\internal\pycore_condvar.h">
      <Filter>Header Files</Filter>
    </ClInclude>
    <ClInclude Include="vendor\py38\include\internal\pycore_context.h">
      <Filter>Header Files</Filter>
    </ClInclude>
    <ClInclude Include="vendor\py38\include\internal\pycore_fileutils.h">
      <Filter>Header Files</Filter>
    </ClInclude>
    <ClInclude Include="vendor\py38\include\internal\pycore_getopt.h">
      <Filter>Header Files</Filter>
    </ClInclude>
    <ClInclude Include="vendor\py38\include\internal\pycore_gil.h">
      <Filter>Header Files</Filter>
    </ClInclude>
    <ClInclude Include="vendor\py38\include\internal\pycore_hamt.h">
      <Filter>Header Files</Filter>
    </ClInclude>
    <ClInclude Include="vendor\py38\include\internal\pycore_initconfig.h">
      <Filter>Header Files</Filter>
    </ClInclude>
    <ClInclude Include="vendor\py38\include\internal\pycore_object.h">
      <Filter>Header Files</Filter>
    </ClInclude>
    <ClInclude Include="vendor\py38\include\internal\pycore_pathconfig.h">
      <Filter>Header Files</Filter>
    </ClInclude>
    <ClInclude Include="vendor\py38\include\internal\pycore_pyerrors.h">
      <Filter>Header Files</Filter>
    </ClInclude>
    <ClInclude Include="vendor\py38\include\internal\pycore_pyhash.h">
      <Filter>Header Files</Filter>
    </ClInclude>
    <ClInclude Include="vendor\py38\include\internal\pycore_pylifecycle.h">
      <Filter>Header Files</Filter>
    </ClInclude>
    <ClInclude Include="vendor\py38\include\internal\pycore_pymem.h">
      <Filter>Header Files</Filter>
    </ClInclude>
    <ClInclude Include="vendor\py38\include\internal\pycore_pystate.h">
      <Filter>Header Files</Filter>
    </ClInclude>
    <ClInclude Include="vendor\py38\include\internal\pycore_traceback.h">
      <Filter>Header Files</Filter>
    </ClInclude>
    <ClInclude Include="vendor\py38\include\internal\pycore_tupleobject.h">
      <Filter>Header Files</Filter>
    </ClInclude>
    <ClInclude Include="vendor\py38\include\internal\pycore_warnings.h">
      <Filter>Header Files</Filter>
    </ClInclude>
    <ClInclude Include="vendor\py38\include\interpreteridobject.h">
      <Filter>Header Files</Filter>
    </ClInclude>
    <ClInclude Include="vendor\py38\include\intrcheck.h">
      <Filter>Header Files</Filter>
    </ClInclude>
    <ClInclude Include="vendor\py38\include\iterobject.h">
      <Filter>Header Files</Filter>
    </ClInclude>
    <ClInclude Include="vendor\py38\include\listobject.h">
      <Filter>Header Files</Filter>
    </ClInclude>
    <ClInclude Include="vendor\py38\include\longintrepr.h">
      <Filter>Header Files</Filter>
    </ClInclude>
    <ClInclude Include="vendor\py38\include\longobject.h">
      <Filter>Header Files</Filter>
    </ClInclude>
    <ClInclude Include="vendor\py38\include\marshal.h">
      <Filter>Header Files</Filter>
    </ClInclude>
    <ClInclude Include="vendor\py38\include\memoryobject.h">
      <Filter>Header Files</Filter>
    </ClInclude>
    <ClInclude Include="vendor\py38\include\methodobject.h">
      <Filter>Header Files</Filter>
    </ClInclude>
    <ClInclude Include="vendor\py38\include\modsupport.h">
      <Filter>Header Files</Filter>
    </ClInclude>
    <ClInclude Include="vendor\py38\include\moduleobject.h">
      <Filter>Header Files</Filter>
    </ClInclude>
    <ClInclude Include="vendor\py38\include\namespaceobject.h">
      <Filter>Header Files</Filter>
    </ClInclude>
    <ClInclude Include="vendor\py38\include\node.h">
      <Filter>Header Files</Filter>
    </ClInclude>
    <ClInclude Include="vendor\py38\include\object.h">
      <Filter>Header Files</Filter>
    </ClInclude>
    <ClInclude Include="vendor\py38\include\objimpl.h">
      <Filter>Header Files</Filter>
    </ClInclude>
    <ClInclude Include="vendor\py38\include\odictobject.h">
      <Filter>Header Files</Filter>
    </ClInclude>
    <ClInclude Include="vendor\py38\include\opcode.h">
      <Filter>Header Files</Filter>
    </ClInclude>
    <ClInclude Include="vendor\py38\include\osdefs.h">
      <Filter>Header Files</Filter>
    </ClInclude>
    <ClInclude Include="vendor\py38\include\osmodule.h">
      <Filter>Header Files</Filter>
    </ClInclude>
    <ClInclude Include="vendor\py38\include\parsetok.h">
      <Filter>Header Files</Filter>
    </ClInclude>
    <ClInclude Include="vendor\py38\include\patchlevel.h">
      <Filter>Header Files</Filter>
    </ClInclude>
    <ClInclude Include="vendor\py38\include\picklebufobject.h">
      <Filter>Header Files</Filter>
    </ClInclude>
    <ClInclude Include="vendor\py38\include\pyarena.h">
      <Filter>Header Files</Filter>
    </ClInclude>
    <ClInclude Include="vendor\py38\include\pycapsule.h">
      <Filter>Header Files</Filter>
    </ClInclude>
    <ClInclude Include="vendor\py38\include\pyconfig.h">
      <Filter>Header Files</Filter>
    </ClInclude>
    <ClInclude Include="vendor\py38\include\pyctype.h">
      <Filter>Header Files</Filter>
    </ClInclude>
    <ClInclude Include="vendor\py38\include\pydebug.h">
      <Filter>Header Files</Filter>
    </ClInclude>
    <ClInclude Include="vendor\py38\include\pydtrace.h">
      <Filter>Header Files</Filter>
    </ClInclude>
    <ClInclude Include="vendor\py38\include\pyerrors.h">
      <Filter>Header Files</Filter>
    </ClInclude>
    <ClInclude Include="vendor\py38\include\pyexpat.h">
      <Filter>Header Files</Filter>
    </ClInclude>
    <ClInclude Include="vendor\py38\include\pyfpe.h">
      <Filter>Header Files</Filter>
    </ClInclude>
    <ClInclude Include="vendor\py38\include\pyhash.h">
      <Filter>Header Files</Filter>
    </ClInclude>
    <ClInclude Include="vendor\py38\include\pylifecycle.h">
      <Filter>Header Files</Filter>
    </ClInclude>
    <ClInclude Include="vendor\py38\include\pymacconfig.h">
      <Filter>Header Files</Filter>
    </ClInclude>
    <ClInclude Include="vendor\py38\include\pymacro.h">
      <Filter>Header Files</Filter>
    </ClInclude>
    <ClInclude Include="vendor\py38\include\pymath.h">
      <Filter>Header Files</Filter>
    </ClInclude>
    <ClInclude Include="vendor\py38\include\pymem.h">
      <Filter>Header Files</Filter>
    </ClInclude>
    <ClInclude Include="vendor\py38\include\pyport.h">
      <Filter>Header Files</Filter>
    </ClInclude>
    <ClInclude Include="vendor\py38\include\pystate.h">
      <Filter>Header Files</Filter>
    </ClInclude>
    <ClInclude Include="vendor\py38\include\pystrcmp.h">
      <Filter>Header Files</Filter>
    </ClInclude>
    <ClInclude Include="vendor\py38\include\pystrhex.h">
      <Filter>Header Files</Filter>
    </ClInclude>
    <ClInclude Include="vendor\py38\include\pystrtod.h">
      <Filter>Header Files</Filter>
    </ClInclude>
    <ClInclude Include="vendor\py38\include\Python-ast.h">
      <Filter>Header Files</Filter>
    </ClInclude>
    <ClInclude Include="vendor\py38\include\Python.h">
      <Filter>Header Files</Filter>
    </ClInclude>
    <ClInclude Include="vendor\py38\include\pythonrun.h">
      <Filter>Header Files</Filter>
    </ClInclude>
    <ClInclude Include="vendor\py38\include\pythread.h">
      <Filter>Header Files</Filter>
    </ClInclude>
    <ClInclude Include="vendor\py38\include\pytime.h">
      <Filter>Header Files</Filter>
    </ClInclude>
    <ClInclude Include="vendor\py38\include\py_curses.h">
      <Filter>Header Files</Filter>
    </ClInclude>
    <ClInclude Include="vendor\py38\include\rangeobject.h">
      <Filter>Header Files</Filter>
    </ClInclude>
    <ClInclude Include="vendor\py38\include\setobject.h">
      <Filter>Header Files</Filter>
    </ClInclude>
    <ClInclude Include="vendor\py38\include\sliceobject.h">
      <Filter>Header Files</Filter>
    </ClInclude>
    <ClInclude Include="vendor\py38\include\structmember.h">
      <Filter>Header Files</Filter>
    </ClInclude>
    <ClInclude Include="vendor\py38\include\structseq.h">
      <Filter>Header Files</Filter>
    </ClInclude>
    <ClInclude Include="vendor\py38\include\symtable.h">
      <Filter>Header Files</Filter>
    </ClInclude>
    <ClInclude Include="vendor\py38\include\sysmodule.h">
      <Filter>Header Files</Filter>
    </ClInclude>
    <ClInclude Include="vendor\py38\include\token.h">
      <Filter>Header Files</Filter>
    </ClInclude>
    <ClInclude Include="vendor\py38\include\traceback.h">
      <Filter>Header Files</Filter>
    </ClInclude>
    <ClInclude Include="vendor\py38\include\tracemalloc.h">
      <Filter>Header Files</Filter>
    </ClInclude>
    <ClInclude Include="vendor\py38\include\tupleobject.h">
      <Filter>Header Files</Filter>
    </ClInclude>
    <ClInclude Include="vendor\py38\include\typeslots.h">
      <Filter>Header Files</Filter>
    </ClInclude>
    <ClInclude Include="vendor\py38\include\ucnhash.h">
      <Filter>Header Files</Filter>
    </ClInclude>
    <ClInclude Include="vendor\py38\include\unicodeobject.h">
      <Filter>Header Files</Filter>
    </ClInclude>
    <ClInclude Include="vendor\py38\include\warnings.h">
      <Filter>Header Files</Filter>
    </ClInclude>
    <ClInclude Include="vendor\py38\include\weakrefobject.h">
      <Filter>Header Files</Filter>
    </ClInclude>
    <ClInclude Include="PythonImpl.h">
      <Filter>Python</Filter>
    </ClInclude>
    <ClInclude Include="Entity.h">
      <Filter>Game</Filter>
    </ClInclude>
    <ClInclude Include="singleton.hpp">
      <Filter>Header Files</Filter>
    </ClInclude>
    <ClInclude Include="remem.hpp">
      <Filter>Header Files</Filter>
    </ClInclude>
  </ItemGroup>
  <ItemGroup>
    <ClCompile Include="dllmain.cpp">
      <Filter>Source Files</Filter>
    </ClCompile>
    <ClCompile Include="pch.cpp">
      <Filter>Source Files</Filter>
    </ClCompile>
    <ClCompile Include="PythonImpl.cpp">
      <Filter>Python</Filter>
    </ClCompile>
    <ClCompile Include="Entity.cpp">
      <Filter>Game</Filter>
    </ClCompile>
  </ItemGroup>
</Project>